
Microsoft Visual Studio Solution File, Format Version 12.00
# Visual Studio Version 16
VisualStudioVersion = 16.0.31613.86
MinimumVisualStudioVersion = 10.0.40219.1
Project("{FAE04EC0-301F-11D3-BF4B-00C04F79EFBC}") = "ChatClient", "ChatClient\ChatClient.csproj", "{20E859C5-2672-40EA-9754-59FE3FF953BF}"
EndProject
Project("{9A19103F-16F7-4668-BE54-9A1E7A4F7556}") = "ChatServer", "ChatServer\ChatServer.csproj", "{0406CC3C-0F8D-41E3-A31D-856E8A380D63}"
EndProject
Global
	GlobalSection(SolutionConfigurationPlatforms) = preSolution
		Debug|Any CPU = Debug|Any CPU
		Release|Any CPU = Release|Any CPU
	EndGlobalSection
	GlobalSection(ProjectConfigurationPlatforms) = postSolution
		{20E859C5-2672-40EA-9754-59FE3FF953BF}.Debug|Any CPU.ActiveCfg = Debug|Any CPU
		{20E859C5-2672-40EA-9754-59FE3FF953BF}.Debug|Any CPU.Build.0 = Debug|Any CPU
		{20E859C5-2672-40EA-9754-59FE3FF953BF}.Release|Any CPU.ActiveCfg = Release|Any CPU
		{20E859C5-2672-40EA-9754-59FE3FF953BF}.Release|Any CPU.Build.0 = Release|Any CPU
		{0406CC3C-0F8D-41E3-A31D-856E8A380D63}.Debug|Any CPU.ActiveCfg = Debug|Any CPU
		{0406CC3C-0F8D-41E3-A31D-856E8A380D63}.Debug|Any CPU.Build.0 = Debug|Any CPU
		{0406CC3C-0F8D-41E3-A31D-856E8A380D63}.Release|Any CPU.ActiveCfg = Release|Any CPU
		{0406CC3C-0F8D-41E3-A31D-856E8A380D63}.Release|Any CPU.Build.0 = Release|Any CPU
	EndGlobalSection
	GlobalSection(SolutionProperties) = preSolution
		HideSolutionNode = FALSE
	EndGlobalSection
	GlobalSection(ExtensibilityGlobals) = postSolution
		SolutionGuid = {F7EBD8B3-7E82-4D66-985D-373192534F7B}
	EndGlobalSection
EndGlobal
